// !$*UTF8*$!
{
	archiveVersion = 1;
	classes = {
	};
	objectVersion = 56;
	objects = {

/* Begin PBXBuildFile section */
		3D1CF2682AD75E63002E5A2B /* iOSTakeHomeApp.swift in Sources */ = {isa = PBXBuildFile; fileRef = 3D1CF2672AD75E63002E5A2B /* iOSTakeHomeApp.swift */; };
		3D1CF26C2AD75E64002E5A2B /* Assets.xcassets in Resources */ = {isa = PBXBuildFile; fileRef = 3D1CF26B2AD75E64002E5A2B /* Assets.xcassets */; };
		3D1CF26F2AD75E64002E5A2B /* Preview Assets.xcassets in Resources */ = {isa = PBXBuildFile; fileRef = 3D1CF26E2AD75E64002E5A2B /* Preview Assets.xcassets */; };
		3D1CF2792AD75E64002E5A2B /* iOSTakeHomeTests.swift in Sources */ = {isa = PBXBuildFile; fileRef = 3D1CF2782AD75E64002E5A2B /* iOSTakeHomeTests.swift */; };
		3D1CF2832AD75E64002E5A2B /* iOSTakeHomeUITests.swift in Sources */ = {isa = PBXBuildFile; fileRef = 3D1CF2822AD75E64002E5A2B /* iOSTakeHomeUITests.swift */; };
		3D1CF2852AD75E64002E5A2B /* iOSTakeHomeUITestsLaunchTests.swift in Sources */ = {isa = PBXBuildFile; fileRef = 3D1CF2842AD75E64002E5A2B /* iOSTakeHomeUITestsLaunchTests.swift */; };
		3D9FE1C32AD87EB9009EAF21 /* DashboardEntities.swift in Sources */ = {isa = PBXBuildFile; fileRef = 3D9FE1C22AD87EB9009EAF21 /* DashboardEntities.swift */; };
		3D9FE1C62AD87FFF009EAF21 /* DashboardView.swift in Sources */ = {isa = PBXBuildFile; fileRef = 3D9FE1C52AD87FFF009EAF21 /* DashboardView.swift */; };
		3D9FE1C92AD88178009EAF21 /* DashboardViewModel.swift in Sources */ = {isa = PBXBuildFile; fileRef = 3D9FE1C82AD88178009EAF21 /* DashboardViewModel.swift */; };
		3D9FE1CB2AD88549009EAF21 /* MealListView.swift in Sources */ = {isa = PBXBuildFile; fileRef = 3D9FE1CA2AD88549009EAF21 /* MealListView.swift */; };
		3D9FE1CE2AD88700009EAF21 /* SDWebImageSwiftUI in Frameworks */ = {isa = PBXBuildFile; productRef = 3D9FE1CD2AD88700009EAF21 /* SDWebImageSwiftUI */; };
		3D9FE1D22AD8A2B9009EAF21 /* FetchMealListUseCase.swift in Sources */ = {isa = PBXBuildFile; fileRef = 3D9FE1D12AD8A2B9009EAF21 /* FetchMealListUseCase.swift */; };
		3D9FE1D42AD8A38B009EAF21 /* DashboardRepository.swift in Sources */ = {isa = PBXBuildFile; fileRef = 3D9FE1D32AD8A38B009EAF21 /* DashboardRepository.swift */; };
		3D9FE1D72AD8A424009EAF21 /* APIService.swift in Sources */ = {isa = PBXBuildFile; fileRef = 3D9FE1D62AD8A424009EAF21 /* APIService.swift */; };
		3D9FE1D92AD8A683009EAF21 /* Endpoint.swift in Sources */ = {isa = PBXBuildFile; fileRef = 3D9FE1D82AD8A683009EAF21 /* Endpoint.swift */; };
		3D9FE1DF2AD8B38C009EAF21 /* NetworkManager.swift in Sources */ = {isa = PBXBuildFile; fileRef = 3D9FE1DE2AD8B38C009EAF21 /* NetworkManager.swift */; };
		3DA4D6462AD9C2DA007C9287 /* DetailView.swift in Sources */ = {isa = PBXBuildFile; fileRef = 3DA4D6452AD9C2DA007C9287 /* DetailView.swift */; };
		3DA4D6482AD9C34D007C9287 /* DetailViewModel.swift in Sources */ = {isa = PBXBuildFile; fileRef = 3DA4D6472AD9C34D007C9287 /* DetailViewModel.swift */; };
		3DA4D64C2AD9C3DB007C9287 /* DetailViewEntitites.swift in Sources */ = {isa = PBXBuildFile; fileRef = 3DA4D64B2AD9C3DB007C9287 /* DetailViewEntitites.swift */; };
		3DA4D64E2AD9F135007C9287 /* DetailViewRepository.swift in Sources */ = {isa = PBXBuildFile; fileRef = 3DA4D64D2AD9F135007C9287 /* DetailViewRepository.swift */; };
		3DA4D6502AD9F302007C9287 /* FetchMealUseCase.swift in Sources */ = {isa = PBXBuildFile; fileRef = 3DA4D64F2AD9F302007C9287 /* FetchMealUseCase.swift */; };
		3DA4D6522AD9F9F6007C9287 /* MealDetailView.swift in Sources */ = {isa = PBXBuildFile; fileRef = 3DA4D6512AD9F9F6007C9287 /* MealDetailView.swift */; };
		3DA4D6542ADA071C007C9287 /* IngredientView.swift in Sources */ = {isa = PBXBuildFile; fileRef = 3DA4D6532ADA071C007C9287 /* IngredientView.swift */; };
		3DA4D6562ADA0875007C9287 /* IngredientListView.swift in Sources */ = {isa = PBXBuildFile; fileRef = 3DA4D6552ADA0875007C9287 /* IngredientListView.swift */; };
/* End PBXBuildFile section */

/* Begin PBXContainerItemProxy section */
		3D1CF2752AD75E64002E5A2B /* PBXContainerItemProxy */ = {
			isa = PBXContainerItemProxy;
			containerPortal = 3D1CF25C2AD75E63002E5A2B /* Project object */;
			proxyType = 1;
			remoteGlobalIDString = 3D1CF2632AD75E63002E5A2B;
			remoteInfo = iOSTakeHome;
		};
		3D1CF27F2AD75E64002E5A2B /* PBXContainerItemProxy */ = {
			isa = PBXContainerItemProxy;
			containerPortal = 3D1CF25C2AD75E63002E5A2B /* Project object */;
			proxyType = 1;
			remoteGlobalIDString = 3D1CF2632AD75E63002E5A2B;
			remoteInfo = iOSTakeHome;
		};
/* End PBXContainerItemProxy section */

/* Begin PBXFileReference section */
		3D1CF2642AD75E63002E5A2B /* iOSTakeHome.app */ = {isa = PBXFileReference; explicitFileType = wrapper.application; includeInIndex = 0; path = iOSTakeHome.app; sourceTree = BUILT_PRODUCTS_DIR; };
		3D1CF2672AD75E63002E5A2B /* iOSTakeHomeApp.swift */ = {isa = PBXFileReference; lastKnownFileType = sourcecode.swift; path = iOSTakeHomeApp.swift; sourceTree = "<group>"; };
		3D1CF26B2AD75E64002E5A2B /* Assets.xcassets */ = {isa = PBXFileReference; lastKnownFileType = folder.assetcatalog; path = Assets.xcassets; sourceTree = "<group>"; };
		3D1CF26E2AD75E64002E5A2B /* Preview Assets.xcassets */ = {isa = PBXFileReference; lastKnownFileType = folder.assetcatalog; path = "Preview Assets.xcassets"; sourceTree = "<group>"; };
		3D1CF2742AD75E64002E5A2B /* iOSTakeHomeTests.xctest */ = {isa = PBXFileReference; explicitFileType = wrapper.cfbundle; includeInIndex = 0; path = iOSTakeHomeTests.xctest; sourceTree = BUILT_PRODUCTS_DIR; };
		3D1CF2782AD75E64002E5A2B /* iOSTakeHomeTests.swift */ = {isa = PBXFileReference; lastKnownFileType = sourcecode.swift; path = iOSTakeHomeTests.swift; sourceTree = "<group>"; };
		3D1CF27E2AD75E64002E5A2B /* iOSTakeHomeUITests.xctest */ = {isa = PBXFileReference; explicitFileType = wrapper.cfbundle; includeInIndex = 0; path = iOSTakeHomeUITests.xctest; sourceTree = BUILT_PRODUCTS_DIR; };
		3D1CF2822AD75E64002E5A2B /* iOSTakeHomeUITests.swift */ = {isa = PBXFileReference; lastKnownFileType = sourcecode.swift; path = iOSTakeHomeUITests.swift; sourceTree = "<group>"; };
		3D1CF2842AD75E64002E5A2B /* iOSTakeHomeUITestsLaunchTests.swift */ = {isa = PBXFileReference; lastKnownFileType = sourcecode.swift; path = iOSTakeHomeUITestsLaunchTests.swift; sourceTree = "<group>"; };
		3D9FE1C22AD87EB9009EAF21 /* DashboardEntities.swift */ = {isa = PBXFileReference; lastKnownFileType = sourcecode.swift; path = DashboardEntities.swift; sourceTree = "<group>"; };
		3D9FE1C52AD87FFF009EAF21 /* DashboardView.swift */ = {isa = PBXFileReference; lastKnownFileType = sourcecode.swift; path = DashboardView.swift; sourceTree = "<group>"; };
		3D9FE1C82AD88178009EAF21 /* DashboardViewModel.swift */ = {isa = PBXFileReference; lastKnownFileType = sourcecode.swift; path = DashboardViewModel.swift; sourceTree = "<group>"; };
		3D9FE1CA2AD88549009EAF21 /* MealListView.swift */ = {isa = PBXFileReference; lastKnownFileType = sourcecode.swift; path = MealListView.swift; sourceTree = "<group>"; };
		3D9FE1D12AD8A2B9009EAF21 /* FetchMealListUseCase.swift */ = {isa = PBXFileReference; lastKnownFileType = sourcecode.swift; path = FetchMealListUseCase.swift; sourceTree = "<group>"; };
		3D9FE1D32AD8A38B009EAF21 /* DashboardRepository.swift */ = {isa = PBXFileReference; lastKnownFileType = sourcecode.swift; path = DashboardRepository.swift; sourceTree = "<group>"; };
		3D9FE1D62AD8A424009EAF21 /* APIService.swift */ = {isa = PBXFileReference; lastKnownFileType = sourcecode.swift; path = APIService.swift; sourceTree = "<group>"; };
		3D9FE1D82AD8A683009EAF21 /* Endpoint.swift */ = {isa = PBXFileReference; lastKnownFileType = sourcecode.swift; path = Endpoint.swift; sourceTree = "<group>"; };
		3D9FE1DE2AD8B38C009EAF21 /* NetworkManager.swift */ = {isa = PBXFileReference; lastKnownFileType = sourcecode.swift; path = NetworkManager.swift; sourceTree = "<group>"; };
		3DA4D6452AD9C2DA007C9287 /* DetailView.swift */ = {isa = PBXFileReference; lastKnownFileType = sourcecode.swift; path = DetailView.swift; sourceTree = "<group>"; };
		3DA4D6472AD9C34D007C9287 /* DetailViewModel.swift */ = {isa = PBXFileReference; lastKnownFileType = sourcecode.swift; path = DetailViewModel.swift; sourceTree = "<group>"; };
		3DA4D64B2AD9C3DB007C9287 /* DetailViewEntitites.swift */ = {isa = PBXFileReference; lastKnownFileType = sourcecode.swift; path = DetailViewEntitites.swift; sourceTree = "<group>"; };
		3DA4D64D2AD9F135007C9287 /* DetailViewRepository.swift */ = {isa = PBXFileReference; lastKnownFileType = sourcecode.swift; path = DetailViewRepository.swift; sourceTree = "<group>"; };
		3DA4D64F2AD9F302007C9287 /* FetchMealUseCase.swift */ = {isa = PBXFileReference; lastKnownFileType = sourcecode.swift; path = FetchMealUseCase.swift; sourceTree = "<group>"; };
		3DA4D6512AD9F9F6007C9287 /* MealDetailView.swift */ = {isa = PBXFileReference; lastKnownFileType = sourcecode.swift; path = MealDetailView.swift; sourceTree = "<group>"; };
		3DA4D6532ADA071C007C9287 /* IngredientView.swift */ = {isa = PBXFileReference; lastKnownFileType = sourcecode.swift; path = IngredientView.swift; sourceTree = "<group>"; };
		3DA4D6552ADA0875007C9287 /* IngredientListView.swift */ = {isa = PBXFileReference; lastKnownFileType = sourcecode.swift; path = IngredientListView.swift; sourceTree = "<group>"; };
/* End PBXFileReference section */

/* Begin PBXFrameworksBuildPhase section */
		3D1CF2612AD75E63002E5A2B /* Frameworks */ = {
			isa = PBXFrameworksBuildPhase;
			buildActionMask = 2147483647;
			files = (
				3D9FE1CE2AD88700009EAF21 /* SDWebImageSwiftUI in Frameworks */,
			);
			runOnlyForDeploymentPostprocessing = 0;
		};
		3D1CF2712AD75E64002E5A2B /* Frameworks */ = {
			isa = PBXFrameworksBuildPhase;
			buildActionMask = 2147483647;
			files = (
			);
			runOnlyForDeploymentPostprocessing = 0;
		};
		3D1CF27B2AD75E64002E5A2B /* Frameworks */ = {
			isa = PBXFrameworksBuildPhase;
			buildActionMask = 2147483647;
			files = (
			);
			runOnlyForDeploymentPostprocessing = 0;
		};
/* End PBXFrameworksBuildPhase section */

/* Begin PBXGroup section */
		3D1CF25B2AD75E63002E5A2B = {
			isa = PBXGroup;
			children = (
				3D1CF2662AD75E63002E5A2B /* iOSTakeHome */,
				3D1CF2772AD75E64002E5A2B /* iOSTakeHomeTests */,
				3D1CF2812AD75E64002E5A2B /* iOSTakeHomeUITests */,
				3D1CF2652AD75E63002E5A2B /* Products */,
			);
			sourceTree = "<group>";
		};
		3D1CF2652AD75E63002E5A2B /* Products */ = {
			isa = PBXGroup;
			children = (
				3D1CF2642AD75E63002E5A2B /* iOSTakeHome.app */,
				3D1CF2742AD75E64002E5A2B /* iOSTakeHomeTests.xctest */,
				3D1CF27E2AD75E64002E5A2B /* iOSTakeHomeUITests.xctest */,
			);
			name = Products;
			sourceTree = "<group>";
		};
		3D1CF2662AD75E63002E5A2B /* iOSTakeHome */ = {
			isa = PBXGroup;
			children = (
				3D9FE1DA2AD8AC98009EAF21 /* Util */,
				3D9FE1D52AD8A402009EAF21 /* Networking */,
				3DA4D63F2AD9C267007C9287 /* DetailView */,
				3D9FE1BE2AD87E62009EAF21 /* Dashboard */,
				3D1CF2672AD75E63002E5A2B /* iOSTakeHomeApp.swift */,
				3D1CF26B2AD75E64002E5A2B /* Assets.xcassets */,
				3D1CF26D2AD75E64002E5A2B /* Preview Content */,
			);
			path = iOSTakeHome;
			sourceTree = "<group>";
		};
		3D1CF26D2AD75E64002E5A2B /* Preview Content */ = {
			isa = PBXGroup;
			children = (
				3D1CF26E2AD75E64002E5A2B /* Preview Assets.xcassets */,
			);
			path = "Preview Content";
			sourceTree = "<group>";
		};
		3D1CF2772AD75E64002E5A2B /* iOSTakeHomeTests */ = {
			isa = PBXGroup;
			children = (
				3D1CF2782AD75E64002E5A2B /* iOSTakeHomeTests.swift */,
			);
			path = iOSTakeHomeTests;
			sourceTree = "<group>";
		};
		3D1CF2812AD75E64002E5A2B /* iOSTakeHomeUITests */ = {
			isa = PBXGroup;
			children = (
				3D1CF2822AD75E64002E5A2B /* iOSTakeHomeUITests.swift */,
				3D1CF2842AD75E64002E5A2B /* iOSTakeHomeUITestsLaunchTests.swift */,
			);
			path = iOSTakeHomeUITests;
			sourceTree = "<group>";
		};
		3D9FE1BE2AD87E62009EAF21 /* Dashboard */ = {
			isa = PBXGroup;
			children = (
				3D9FE1C02AD87E8B009EAF21 /* Data */,
				3D9FE1BF2AD87E7F009EAF21 /* Domain */,
				3D9FE1C12AD87E92009EAF21 /* Presentation */,
			);
			path = Dashboard;
			sourceTree = "<group>";
		};
		3D9FE1BF2AD87E7F009EAF21 /* Domain */ = {
			isa = PBXGroup;
			children = (
				3D9FE1D02AD8A28D009EAF21 /* Entitties */,
				3D9FE1CF2AD8A283009EAF21 /* UseCases */,
			);
			path = Domain;
			sourceTree = "<group>";
		};
		3D9FE1C02AD87E8B009EAF21 /* Data */ = {
			isa = PBXGroup;
			children = (
				3D9FE1D32AD8A38B009EAF21 /* DashboardRepository.swift */,
			);
			path = Data;
			sourceTree = "<group>";
		};
		3D9FE1C12AD87E92009EAF21 /* Presentation */ = {
			isa = PBXGroup;
			children = (
				3D9FE1C72AD88169009EAF21 /* ViewModel */,
				3D9FE1C42AD87FEA009EAF21 /* View */,
			);
			path = Presentation;
			sourceTree = "<group>";
		};
		3D9FE1C42AD87FEA009EAF21 /* View */ = {
			isa = PBXGroup;
			children = (
				3D9FE1C52AD87FFF009EAF21 /* DashboardView.swift */,
				3D9FE1CA2AD88549009EAF21 /* MealListView.swift */,
			);
			path = View;
			sourceTree = "<group>";
		};
		3D9FE1C72AD88169009EAF21 /* ViewModel */ = {
			isa = PBXGroup;
			children = (
				3D9FE1C82AD88178009EAF21 /* DashboardViewModel.swift */,
			);
			path = ViewModel;
			sourceTree = "<group>";
		};
		3D9FE1CF2AD8A283009EAF21 /* UseCases */ = {
			isa = PBXGroup;
			children = (
				3D9FE1D12AD8A2B9009EAF21 /* FetchMealListUseCase.swift */,
			);
			path = UseCases;
			sourceTree = "<group>";
		};
		3D9FE1D02AD8A28D009EAF21 /* Entitties */ = {
			isa = PBXGroup;
			children = (
				3D9FE1C22AD87EB9009EAF21 /* DashboardEntities.swift */,
			);
			path = Entitties;
			sourceTree = "<group>";
		};
		3D9FE1D52AD8A402009EAF21 /* Networking */ = {
			isa = PBXGroup;
			children = (
				3D9FE1D62AD8A424009EAF21 /* APIService.swift */,
				3D9FE1D82AD8A683009EAF21 /* Endpoint.swift */,
			);
			path = Networking;
			sourceTree = "<group>";
		};
		3D9FE1DA2AD8AC98009EAF21 /* Util */ = {
			isa = PBXGroup;
			children = (
				3D9FE1DE2AD8B38C009EAF21 /* NetworkManager.swift */,
			);
			path = Util;
			sourceTree = "<group>";
		};
		3DA4D63F2AD9C267007C9287 /* DetailView */ = {
			isa = PBXGroup;
			children = (
				3DA4D6442AD9C29D007C9287 /* Data */,
				3DA4D6432AD9C294007C9287 /* Domain */,
				3DA4D6412AD9C281007C9287 /* Presentation */,
			);
			path = DetailView;
			sourceTree = "<group>";
		};
		3DA4D6402AD9C279007C9287 /* View */ = {
			isa = PBXGroup;
			children = (
				3DA4D6452AD9C2DA007C9287 /* DetailView.swift */,
				3DA4D6512AD9F9F6007C9287 /* MealDetailView.swift */,
				3DA4D6552ADA0875007C9287 /* IngredientListView.swift */,
				3DA4D6532ADA071C007C9287 /* IngredientView.swift */,
			);
			path = View;
			sourceTree = "<group>";
		};
		3DA4D6412AD9C281007C9287 /* Presentation */ = {
			isa = PBXGroup;
			children = (
				3DA4D6422AD9C28C007C9287 /* ViewModel */,
				3DA4D6402AD9C279007C9287 /* View */,
			);
			path = Presentation;
			sourceTree = "<group>";
		};
		3DA4D6422AD9C28C007C9287 /* ViewModel */ = {
			isa = PBXGroup;
			children = (
				3DA4D6472AD9C34D007C9287 /* DetailViewModel.swift */,
			);
			path = ViewModel;
			sourceTree = "<group>";
		};
		3DA4D6432AD9C294007C9287 /* Domain */ = {
			isa = PBXGroup;
			children = (
				3DA4D64A2AD9C3C0007C9287 /* Entities */,
				3DA4D6492AD9C3B8007C9287 /* UseCases */,
			);
			path = Domain;
			sourceTree = "<group>";
		};
		3DA4D6442AD9C29D007C9287 /* Data */ = {
			isa = PBXGroup;
			children = (
				3DA4D64D2AD9F135007C9287 /* DetailViewRepository.swift */,
			);
			path = Data;
			sourceTree = "<group>";
		};
		3DA4D6492AD9C3B8007C9287 /* UseCases */ = {
			isa = PBXGroup;
			children = (
				3DA4D64F2AD9F302007C9287 /* FetchMealUseCase.swift */,
			);
			path = UseCases;
			sourceTree = "<group>";
		};
		3DA4D64A2AD9C3C0007C9287 /* Entities */ = {
			isa = PBXGroup;
			children = (
				3DA4D64B2AD9C3DB007C9287 /* DetailViewEntitites.swift */,
			);
			path = Entities;
			sourceTree = "<group>";
		};
/* End PBXGroup section */

/* Begin PBXNativeTarget section */
		3D1CF2632AD75E63002E5A2B /* iOSTakeHome */ = {
			isa = PBXNativeTarget;
			buildConfigurationList = 3D1CF2882AD75E64002E5A2B /* Build configuration list for PBXNativeTarget "iOSTakeHome" */;
			buildPhases = (
				3D1CF2602AD75E63002E5A2B /* Sources */,
				3D1CF2612AD75E63002E5A2B /* Frameworks */,
				3D1CF2622AD75E63002E5A2B /* Resources */,
			);
			buildRules = (
			);
			dependencies = (
			);
			name = iOSTakeHome;
			packageProductDependencies = (
				3D9FE1CD2AD88700009EAF21 /* SDWebImageSwiftUI */,
			);
			productName = iOSTakeHome;
			productReference = 3D1CF2642AD75E63002E5A2B /* iOSTakeHome.app */;
			productType = "com.apple.product-type.application";
		};
		3D1CF2732AD75E64002E5A2B /* iOSTakeHomeTests */ = {
			isa = PBXNativeTarget;
			buildConfigurationList = 3D1CF28B2AD75E64002E5A2B /* Build configuration list for PBXNativeTarget "iOSTakeHomeTests" */;
			buildPhases = (
				3D1CF2702AD75E64002E5A2B /* Sources */,
				3D1CF2712AD75E64002E5A2B /* Frameworks */,
				3D1CF2722AD75E64002E5A2B /* Resources */,
			);
			buildRules = (
			);
			dependencies = (
				3D1CF2762AD75E64002E5A2B /* PBXTargetDependency */,
			);
			name = iOSTakeHomeTests;
			productName = iOSTakeHomeTests;
			productReference = 3D1CF2742AD75E64002E5A2B /* iOSTakeHomeTests.xctest */;
			productType = "com.apple.product-type.bundle.unit-test";
		};
		3D1CF27D2AD75E64002E5A2B /* iOSTakeHomeUITests */ = {
			isa = PBXNativeTarget;
			buildConfigurationList = 3D1CF28E2AD75E64002E5A2B /* Build configuration list for PBXNativeTarget "iOSTakeHomeUITests" */;
			buildPhases = (
				3D1CF27A2AD75E64002E5A2B /* Sources */,
				3D1CF27B2AD75E64002E5A2B /* Frameworks */,
				3D1CF27C2AD75E64002E5A2B /* Resources */,
			);
			buildRules = (
			);
			dependencies = (
				3D1CF2802AD75E64002E5A2B /* PBXTargetDependency */,
			);
			name = iOSTakeHomeUITests;
			productName = iOSTakeHomeUITests;
			productReference = 3D1CF27E2AD75E64002E5A2B /* iOSTakeHomeUITests.xctest */;
			productType = "com.apple.product-type.bundle.ui-testing";
		};
/* End PBXNativeTarget section */

/* Begin PBXProject section */
		3D1CF25C2AD75E63002E5A2B /* Project object */ = {
			isa = PBXProject;
			attributes = {
				BuildIndependentTargetsInParallel = 1;
				LastSwiftUpdateCheck = 1500;
				LastUpgradeCheck = 1500;
				TargetAttributes = {
					3D1CF2632AD75E63002E5A2B = {
						CreatedOnToolsVersion = 15.0;
					};
					3D1CF2732AD75E64002E5A2B = {
						CreatedOnToolsVersion = 15.0;
						TestTargetID = 3D1CF2632AD75E63002E5A2B;
					};
					3D1CF27D2AD75E64002E5A2B = {
						CreatedOnToolsVersion = 15.0;
						TestTargetID = 3D1CF2632AD75E63002E5A2B;
					};
				};
			};
			buildConfigurationList = 3D1CF25F2AD75E63002E5A2B /* Build configuration list for PBXProject "iOSTakeHome" */;
			compatibilityVersion = "Xcode 14.0";
			developmentRegion = en;
			hasScannedForEncodings = 0;
			knownRegions = (
				en,
				Base,
			);
			mainGroup = 3D1CF25B2AD75E63002E5A2B;
			packageReferences = (
				3D9FE1CC2AD88700009EAF21 /* XCRemoteSwiftPackageReference "SDWebImageSwiftUI" */,
			);
			productRefGroup = 3D1CF2652AD75E63002E5A2B /* Products */;
			projectDirPath = "";
			projectRoot = "";
			targets = (
				3D1CF2632AD75E63002E5A2B /* iOSTakeHome */,
				3D1CF2732AD75E64002E5A2B /* iOSTakeHomeTests */,
				3D1CF27D2AD75E64002E5A2B /* iOSTakeHomeUITests */,
			);
		};
/* End PBXProject section */

/* Begin PBXResourcesBuildPhase section */
		3D1CF2622AD75E63002E5A2B /* Resources */ = {
			isa = PBXResourcesBuildPhase;
			buildActionMask = 2147483647;
			files = (
				3D1CF26F2AD75E64002E5A2B /* Preview Assets.xcassets in Resources */,
				3D1CF26C2AD75E64002E5A2B /* Assets.xcassets in Resources */,
			);
			runOnlyForDeploymentPostprocessing = 0;
		};
		3D1CF2722AD75E64002E5A2B /* Resources */ = {
			isa = PBXResourcesBuildPhase;
			buildActionMask = 2147483647;
			files = (
			);
			runOnlyForDeploymentPostprocessing = 0;
		};
		3D1CF27C2AD75E64002E5A2B /* Resources */ = {
			isa = PBXResourcesBuildPhase;
			buildActionMask = 2147483647;
			files = (
			);
			runOnlyForDeploymentPostprocessing = 0;
		};
/* End PBXResourcesBuildPhase section */

/* Begin PBXSourcesBuildPhase section */
		3D1CF2602AD75E63002E5A2B /* Sources */ = {
			isa = PBXSourcesBuildPhase;
			buildActionMask = 2147483647;
			files = (
				3DA4D6522AD9F9F6007C9287 /* MealDetailView.swift in Sources */,
				3D9FE1DF2AD8B38C009EAF21 /* NetworkManager.swift in Sources */,
				3DA4D64E2AD9F135007C9287 /* DetailViewRepository.swift in Sources */,
				3D9FE1C92AD88178009EAF21 /* DashboardViewModel.swift in Sources */,
				3DA4D64C2AD9C3DB007C9287 /* DetailViewEntitites.swift in Sources */,
				3D9FE1C62AD87FFF009EAF21 /* DashboardView.swift in Sources */,
				3D9FE1C32AD87EB9009EAF21 /* DashboardEntities.swift in Sources */,
				3D9FE1D92AD8A683009EAF21 /* Endpoint.swift in Sources */,
				3DA4D6462AD9C2DA007C9287 /* DetailView.swift in Sources */,
				3D9FE1D42AD8A38B009EAF21 /* DashboardRepository.swift in Sources */,
				3DA4D6482AD9C34D007C9287 /* DetailViewModel.swift in Sources */,
				3DA4D6542ADA071C007C9287 /* IngredientView.swift in Sources */,
				3DA4D6502AD9F302007C9287 /* FetchMealUseCase.swift in Sources */,
				3DA4D6562ADA0875007C9287 /* IngredientListView.swift in Sources */,
				3D1CF2682AD75E63002E5A2B /* iOSTakeHomeApp.swift in Sources */,
				3D9FE1CB2AD88549009EAF21 /* MealListView.swift in Sources */,
				3D9FE1D72AD8A424009EAF21 /* APIService.swift in Sources */,
				3D9FE1D22AD8A2B9009EAF21 /* FetchMealListUseCase.swift in Sources */,
			);
			runOnlyForDeploymentPostprocessing = 0;
		};
		3D1CF2702AD75E64002E5A2B /* Sources */ = {
			isa = PBXSourcesBuildPhase;
			buildActionMask = 2147483647;
			files = (
				3D1CF2792AD75E64002E5A2B /* iOSTakeHomeTests.swift in Sources */,
			);
			runOnlyForDeploymentPostprocessing = 0;
		};
		3D1CF27A2AD75E64002E5A2B /* Sources */ = {
			isa = PBXSourcesBuildPhase;
			buildActionMask = 2147483647;
			files = (
				3D1CF2852AD75E64002E5A2B /* iOSTakeHomeUITestsLaunchTests.swift in Sources */,
				3D1CF2832AD75E64002E5A2B /* iOSTakeHomeUITests.swift in Sources */,
			);
			runOnlyForDeploymentPostprocessing = 0;
		};
/* End PBXSourcesBuildPhase section */

/* Begin PBXTargetDependency section */
		3D1CF2762AD75E64002E5A2B /* PBXTargetDependency */ = {
			isa = PBXTargetDependency;
			target = 3D1CF2632AD75E63002E5A2B /* iOSTakeHome */;
			targetProxy = 3D1CF2752AD75E64002E5A2B /* PBXContainerItemProxy */;
		};
		3D1CF2802AD75E64002E5A2B /* PBXTargetDependency */ = {
			isa = PBXTargetDependency;
			target = 3D1CF2632AD75E63002E5A2B /* iOSTakeHome */;
			targetProxy = 3D1CF27F2AD75E64002E5A2B /* PBXContainerItemProxy */;
		};
/* End PBXTargetDependency section */

/* Begin XCBuildConfiguration section */
		3D1CF2862AD75E64002E5A2B /* Debug */ = {
			isa = XCBuildConfiguration;
			buildSettings = {
				ALWAYS_SEARCH_USER_PATHS = NO;
				ASSETCATALOG_COMPILER_GENERATE_SWIFT_ASSET_SYMBOL_EXTENSIONS = YES;
				CLANG_ANALYZER_NONNULL = YES;
				CLANG_ANALYZER_NUMBER_OBJECT_CONVERSION = YES_AGGRESSIVE;
				CLANG_CXX_LANGUAGE_STANDARD = "gnu++20";
				CLANG_ENABLE_MODULES = YES;
				CLANG_ENABLE_OBJC_ARC = YES;
				CLANG_ENABLE_OBJC_WEAK = YES;
				CLANG_WARN_BLOCK_CAPTURE_AUTORELEASING = YES;
				CLANG_WARN_BOOL_CONVERSION = YES;
				CLANG_WARN_COMMA = YES;
				CLANG_WARN_CONSTANT_CONVERSION = YES;
				CLANG_WARN_DEPRECATED_OBJC_IMPLEMENTATIONS = YES;
				CLANG_WARN_DIRECT_OBJC_ISA_USAGE = YES_ERROR;
				CLANG_WARN_DOCUMENTATION_COMMENTS = YES;
				CLANG_WARN_EMPTY_BODY = YES;
				CLANG_WARN_ENUM_CONVERSION = YES;
				CLANG_WARN_INFINITE_RECURSION = YES;
				CLANG_WARN_INT_CONVERSION = YES;
				CLANG_WARN_NON_LITERAL_NULL_CONVERSION = YES;
				CLANG_WARN_OBJC_IMPLICIT_RETAIN_SELF = YES;
				CLANG_WARN_OBJC_LITERAL_CONVERSION = YES;
				CLANG_WARN_OBJC_ROOT_CLASS = YES_ERROR;
				CLANG_WARN_QUOTED_INCLUDE_IN_FRAMEWORK_HEADER = YES;
				CLANG_WARN_RANGE_LOOP_ANALYSIS = YES;
				CLANG_WARN_STRICT_PROTOTYPES = YES;
				CLANG_WARN_SUSPICIOUS_MOVE = YES;
				CLANG_WARN_UNGUARDED_AVAILABILITY = YES_AGGRESSIVE;
				CLANG_WARN_UNREACHABLE_CODE = YES;
				CLANG_WARN__DUPLICATE_METHOD_MATCH = YES;
				COPY_PHASE_STRIP = NO;
				DEBUG_INFORMATION_FORMAT = dwarf;
				ENABLE_STRICT_OBJC_MSGSEND = YES;
				ENABLE_TESTABILITY = YES;
				ENABLE_USER_SCRIPT_SANDBOXING = YES;
				GCC_C_LANGUAGE_STANDARD = gnu17;
				GCC_DYNAMIC_NO_PIC = NO;
				GCC_NO_COMMON_BLOCKS = YES;
				GCC_OPTIMIZATION_LEVEL = 0;
				GCC_PREPROCESSOR_DEFINITIONS = (
					"DEBUG=1",
					"$(inherited)",
				);
				GCC_WARN_64_TO_32_BIT_CONVERSION = YES;
				GCC_WARN_ABOUT_RETURN_TYPE = YES_ERROR;
				GCC_WARN_UNDECLARED_SELECTOR = YES;
				GCC_WARN_UNINITIALIZED_AUTOS = YES_AGGRESSIVE;
				GCC_WARN_UNUSED_FUNCTION = YES;
				GCC_WARN_UNUSED_VARIABLE = YES;
				IPHONEOS_DEPLOYMENT_TARGET = 17.0;
				LOCALIZATION_PREFERS_STRING_CATALOGS = YES;
				MTL_ENABLE_DEBUG_INFO = INCLUDE_SOURCE;
				MTL_FAST_MATH = YES;
				ONLY_ACTIVE_ARCH = YES;
				SDKROOT = iphoneos;
				SWIFT_ACTIVE_COMPILATION_CONDITIONS = "DEBUG $(inherited)";
				SWIFT_OPTIMIZATION_LEVEL = "-Onone";
			};
			name = Debug;
		};
		3D1CF2872AD75E64002E5A2B /* Release */ = {
			isa = XCBuildConfiguration;
			buildSettings = {
				ALWAYS_SEARCH_USER_PATHS = NO;
				ASSETCATALOG_COMPILER_GENERATE_SWIFT_ASSET_SYMBOL_EXTENSIONS = YES;
				CLANG_ANALYZER_NONNULL = YES;
				CLANG_ANALYZER_NUMBER_OBJECT_CONVERSION = YES_AGGRESSIVE;
				CLANG_CXX_LANGUAGE_STANDARD = "gnu++20";
				CLANG_ENABLE_MODULES = YES;
				CLANG_ENABLE_OBJC_ARC = YES;
				CLANG_ENABLE_OBJC_WEAK = YES;
				CLANG_WARN_BLOCK_CAPTURE_AUTORELEASING = YES;
				CLANG_WARN_BOOL_CONVERSION = YES;
				CLANG_WARN_COMMA = YES;
				CLANG_WARN_CONSTANT_CONVERSION = YES;
				CLANG_WARN_DEPRECATED_OBJC_IMPLEMENTATIONS = YES;
				CLANG_WARN_DIRECT_OBJC_ISA_USAGE = YES_ERROR;
				CLANG_WARN_DOCUMENTATION_COMMENTS = YES;
				CLANG_WARN_EMPTY_BODY = YES;
				CLANG_WARN_ENUM_CONVERSION = YES;
				CLANG_WARN_INFINITE_RECURSION = YES;
				CLANG_WARN_INT_CONVERSION = YES;
				CLANG_WARN_NON_LITERAL_NULL_CONVERSION = YES;
				CLANG_WARN_OBJC_IMPLICIT_RETAIN_SELF = YES;
				CLANG_WARN_OBJC_LITERAL_CONVERSION = YES;
				CLANG_WARN_OBJC_ROOT_CLASS = YES_ERROR;
				CLANG_WARN_QUOTED_INCLUDE_IN_FRAMEWORK_HEADER = YES;
				CLANG_WARN_RANGE_LOOP_ANALYSIS = YES;
				CLANG_WARN_STRICT_PROTOTYPES = YES;
				CLANG_WARN_SUSPICIOUS_MOVE = YES;
				CLANG_WARN_UNGUARDED_AVAILABILITY = YES_AGGRESSIVE;
				CLANG_WARN_UNREACHABLE_CODE = YES;
				CLANG_WARN__DUPLICATE_METHOD_MATCH = YES;
				COPY_PHASE_STRIP = NO;
				DEBUG_INFORMATION_FORMAT = "dwarf-with-dsym";
				ENABLE_NS_ASSERTIONS = NO;
				ENABLE_STRICT_OBJC_MSGSEND = YES;
				ENABLE_USER_SCRIPT_SANDBOXING = YES;
				GCC_C_LANGUAGE_STANDARD = gnu17;
				GCC_NO_COMMON_BLOCKS = YES;
				GCC_WARN_64_TO_32_BIT_CONVERSION = YES;
				GCC_WARN_ABOUT_RETURN_TYPE = YES_ERROR;
				GCC_WARN_UNDECLARED_SELECTOR = YES;
				GCC_WARN_UNINITIALIZED_AUTOS = YES_AGGRESSIVE;
				GCC_WARN_UNUSED_FUNCTION = YES;
				GCC_WARN_UNUSED_VARIABLE = YES;
				IPHONEOS_DEPLOYMENT_TARGET = 17.0;
				LOCALIZATION_PREFERS_STRING_CATALOGS = YES;
				MTL_ENABLE_DEBUG_INFO = NO;
				MTL_FAST_MATH = YES;
				SDKROOT = iphoneos;
				SWIFT_COMPILATION_MODE = wholemodule;
				VALIDATE_PRODUCT = YES;
			};
			name = Release;
		};
		3D1CF2892AD75E64002E5A2B /* Debug */ = {
			isa = XCBuildConfiguration;
			buildSettings = {
				ASSETCATALOG_COMPILER_APPICON_NAME = AppIcon;
				ASSETCATALOG_COMPILER_GLOBAL_ACCENT_COLOR_NAME = AccentColor;
				CODE_SIGN_STYLE = Automatic;
				CURRENT_PROJECT_VERSION = 1;
				DEVELOPMENT_ASSET_PATHS = "\"iOSTakeHome/Preview Content\"";
				ENABLE_PREVIEWS = YES;
				GENERATE_INFOPLIST_FILE = YES;
				INFOPLIST_KEY_UIApplicationSceneManifest_Generation = YES;
				INFOPLIST_KEY_UIApplicationSupportsIndirectInputEvents = YES;
				INFOPLIST_KEY_UILaunchScreen_Generation = YES;
				INFOPLIST_KEY_UISupportedInterfaceOrientations = UIInterfaceOrientationPortrait;
				INFOPLIST_KEY_UISupportedInterfaceOrientations_iPad = "UIInterfaceOrientationLandscapeLeft UIInterfaceOrientationLandscapeRight UIInterfaceOrientationPortrait UIInterfaceOrientationPortraitUpsideDown";
				LD_RUNPATH_SEARCH_PATHS = (
					"$(inherited)",
					"@executable_path/Frameworks",
				);
				MARKETING_VERSION = 1.0;
				PRODUCT_BUNDLE_IDENTIFIER = com.roberto.iOSTakeHome;
				PRODUCT_NAME = "$(TARGET_NAME)";
				SWIFT_EMIT_LOC_STRINGS = YES;
				SWIFT_VERSION = 5.0;
				TARGETED_DEVICE_FAMILY = "1,2";
			};
			name = Debug;
		};
		3D1CF28A2AD75E64002E5A2B /* Release */ = {
			isa = XCBuildConfiguration;
			buildSettings = {
				ASSETCATALOG_COMPILER_APPICON_NAME = AppIcon;
				ASSETCATALOG_COMPILER_GLOBAL_ACCENT_COLOR_NAME = AccentColor;
				CODE_SIGN_STYLE = Automatic;
				CURRENT_PROJECT_VERSION = 1;
				DEVELOPMENT_ASSET_PATHS = "\"iOSTakeHome/Preview Content\"";
				ENABLE_PREVIEWS = YES;
				GENERATE_INFOPLIST_FILE = YES;
				INFOPLIST_KEY_UIApplicationSceneManifest_Generation = YES;
				INFOPLIST_KEY_UIApplicationSupportsIndirectInputEvents = YES;
				INFOPLIST_KEY_UILaunchScreen_Generation = YES;
				INFOPLIST_KEY_UISupportedInterfaceOrientations = UIInterfaceOrientationPortrait;
				INFOPLIST_KEY_UISupportedInterfaceOrientations_iPad = "UIInterfaceOrientationLandscapeLeft UIInterfaceOrientationLandscapeRight UIInterfaceOrientationPortrait UIInterfaceOrientationPortraitUpsideDown";
				LD_RUNPATH_SEARCH_PATHS = (
					"$(inherited)",
					"@executable_path/Frameworks",
				);
				MARKETING_VERSION = 1.0;
				PRODUCT_BUNDLE_IDENTIFIER = com.roberto.iOSTakeHome;
				PRODUCT_NAME = "$(TARGET_NAME)";
				SWIFT_EMIT_LOC_STRINGS = YES;
				SWIFT_VERSION = 5.0;
				TARGETED_DEVICE_FAMILY = "1,2";
			};
			name = Release;
		};
		3D1CF28C2AD75E64002E5A2B /* Debug */ = {
			isa = XCBuildConfiguration;
			buildSettings = {
				ALWAYS_EMBED_SWIFT_STANDARD_LIBRARIES = YES;
				BUNDLE_LOADER = "$(TEST_HOST)";
				CODE_SIGN_STYLE = Automatic;
				CURRENT_PROJECT_VERSION = 1;
				GENERATE_INFOPLIST_FILE = YES;
				IPHONEOS_DEPLOYMENT_TARGET = 17.0;
				MARKETING_VERSION = 1.0;
				PRODUCT_BUNDLE_IDENTIFIER = com.roberto.iOSTakeHomeTests;
				PRODUCT_NAME = "$(TARGET_NAME)";
				SWIFT_EMIT_LOC_STRINGS = NO;
				SWIFT_VERSION = 5.0;
				TARGETED_DEVICE_FAMILY = "1,2";
				TEST_HOST = "$(BUILT_PRODUCTS_DIR)/iOSTakeHome.app/$(BUNDLE_EXECUTABLE_FOLDER_PATH)/iOSTakeHome";
			};
			name = Debug;
		};
		3D1CF28D2AD75E64002E5A2B /* Release */ = {
			isa = XCBuildConfiguration;
			buildSettings = {
				ALWAYS_EMBED_SWIFT_STANDARD_LIBRARIES = YES;
				BUNDLE_LOADER = "$(TEST_HOST)";
				CODE_SIGN_STYLE = Automatic;
				CURRENT_PROJECT_VERSION = 1;
				GENERATE_INFOPLIST_FILE = YES;
				IPHONEOS_DEPLOYMENT_TARGET = 17.0;
				MARKETING_VERSION = 1.0;
				PRODUCT_BUNDLE_IDENTIFIER = com.roberto.iOSTakeHomeTests;
				PRODUCT_NAME = "$(TARGET_NAME)";
				SWIFT_EMIT_LOC_STRINGS = NO;
				SWIFT_VERSION = 5.0;
				TARGETED_DEVICE_FAMILY = "1,2";
				TEST_HOST = "$(BUILT_PRODUCTS_DIR)/iOSTakeHome.app/$(BUNDLE_EXECUTABLE_FOLDER_PATH)/iOSTakeHome";
			};
			name = Release;
		};
		3D1CF28F2AD75E64002E5A2B /* Debug */ = {
			isa = XCBuildConfiguration;
			buildSettings = {
				ALWAYS_EMBED_SWIFT_STANDARD_LIBRARIES = YES;
				CODE_SIGN_STYLE = Automatic;
				CURRENT_PROJECT_VERSION = 1;
				GENERATE_INFOPLIST_FILE = YES;
				MARKETING_VERSION = 1.0;
				PRODUCT_BUNDLE_IDENTIFIER = com.roberto.iOSTakeHomeUITests;
				PRODUCT_NAME = "$(TARGET_NAME)";
				SWIFT_EMIT_LOC_STRINGS = NO;
				SWIFT_VERSION = 5.0;
				TARGETED_DEVICE_FAMILY = "1,2";
				TEST_TARGET_NAME = iOSTakeHome;
			};
			name = Debug;
		};
		3D1CF2902AD75E64002E5A2B /* Release */ = {
			isa = XCBuildConfiguration;
			buildSettings = {
				ALWAYS_EMBED_SWIFT_STANDARD_LIBRARIES = YES;
				CODE_SIGN_STYLE = Automatic;
				CURRENT_PROJECT_VERSION = 1;
				GENERATE_INFOPLIST_FILE = YES;
				MARKETING_VERSION = 1.0;
				PRODUCT_BUNDLE_IDENTIFIER = com.roberto.iOSTakeHomeUITests;
				PRODUCT_NAME = "$(TARGET_NAME)";
				SWIFT_EMIT_LOC_STRINGS = NO;
				SWIFT_VERSION = 5.0;
				TARGETED_DEVICE_FAMILY = "1,2";
				TEST_TARGET_NAME = iOSTakeHome;
			};
			name = Release;
		};
/* End XCBuildConfiguration section */

/* Begin XCConfigurationList section */
		3D1CF25F2AD75E63002E5A2B /* Build configuration list for PBXProject "iOSTakeHome" */ = {
			isa = XCConfigurationList;
			buildConfigurations = (
				3D1CF2862AD75E64002E5A2B /* Debug */,
				3D1CF2872AD75E64002E5A2B /* Release */,
			);
			defaultConfigurationIsVisible = 0;
			defaultConfigurationName = Release;
		};
		3D1CF2882AD75E64002E5A2B /* Build configuration list for PBXNativeTarget "iOSTakeHome" */ = {
			isa = XCConfigurationList;
			buildConfigurations = (
				3D1CF2892AD75E64002E5A2B /* Debug */,
				3D1CF28A2AD75E64002E5A2B /* Release */,
			);
			defaultConfigurationIsVisible = 0;
			defaultConfigurationName = Release;
		};
		3D1CF28B2AD75E64002E5A2B /* Build configuration list for PBXNativeTarget "iOSTakeHomeTests" */ = {
			isa = XCConfigurationList;
			buildConfigurations = (
				3D1CF28C2AD75E64002E5A2B /* Debug */,
				3D1CF28D2AD75E64002E5A2B /* Release */,
			);
			defaultConfigurationIsVisible = 0;
			defaultConfigurationName = Release;
		};
		3D1CF28E2AD75E64002E5A2B /* Build configuration list for PBXNativeTarget "iOSTakeHomeUITests" */ = {
			isa = XCConfigurationList;
			buildConfigurations = (
				3D1CF28F2AD75E64002E5A2B /* Debug */,
				3D1CF2902AD75E64002E5A2B /* Release */,
			);
			defaultConfigurationIsVisible = 0;
			defaultConfigurationName = Release;
		};
/* End XCConfigurationList section */

/* Begin XCRemoteSwiftPackageReference section */
		3D9FE1CC2AD88700009EAF21 /* XCRemoteSwiftPackageReference "SDWebImageSwiftUI" */ = {
			isa = XCRemoteSwiftPackageReference;
			repositoryURL = "https://github.com/SDWebImage/SDWebImageSwiftUI.git";
			requirement = {
				kind = upToNextMajorVersion;
				minimumVersion = 2.2.3;
			};
		};
/* End XCRemoteSwiftPackageReference section */

/* Begin XCSwiftPackageProductDependency section */
		3D9FE1CD2AD88700009EAF21 /* SDWebImageSwiftUI */ = {
			isa = XCSwiftPackageProductDependency;
			package = 3D9FE1CC2AD88700009EAF21 /* XCRemoteSwiftPackageReference "SDWebImageSwiftUI" */;
			productName = SDWebImageSwiftUI;
		};
/* End XCSwiftPackageProductDependency section */
	};
	rootObject = 3D1CF25C2AD75E63002E5A2B /* Project object */;
}
