// !$*UTF8*$!
{
	archiveVersion = 1;
	classes = {
	};
	objectVersion = 56;
	objects = {

/* Begin PBXBuildFile section */
		3D1CF2682AD75E63002E5A2B /* iOSTakeHomeApp.swift in Sources */ = {isa = PBXBuildFile; fileRef = 3D1CF2672AD75E63002E5A2B /* iOSTakeHomeApp.swift */; };
		3D1CF26A2AD75E63002E5A2B /* ContentView.swift in Sources */ = {isa = PBXBuildFile; fileRef = 3D1CF2692AD75E63002E5A2B /* ContentView.swift */; };
		3D1CF26C2AD75E64002E5A2B /* Assets.xcassets in Resources */ = {isa = PBXBuildFile; fileRef = 3D1CF26B2AD75E64002E5A2B /* Assets.xcassets */; };
		3D1CF26F2AD75E64002E5A2B /* Preview Assets.xcassets in Resources */ = {isa = PBXBuildFile; fileRef = 3D1CF26E2AD75E64002E5A2B /* Preview Assets.xcassets */; };
		3D1CF2792AD75E64002E5A2B /* iOSTakeHomeTests.swift in Sources */ = {isa = PBXBuildFile; fileRef = 3D1CF2782AD75E64002E5A2B /* iOSTakeHomeTests.swift */; };
		3D1CF2832AD75E64002E5A2B /* iOSTakeHomeUITests.swift in Sources */ = {isa = PBXBuildFile; fileRef = 3D1CF2822AD75E64002E5A2B /* iOSTakeHomeUITests.swift */; };
		3D1CF2852AD75E64002E5A2B /* iOSTakeHomeUITestsLaunchTests.swift in Sources */ = {isa = PBXBuildFile; fileRef = 3D1CF2842AD75E64002E5A2B /* iOSTakeHomeUITestsLaunchTests.swift */; };
/* End PBXBuildFile section */

/* Begin PBXContainerItemProxy section */
		3D1CF2752AD75E64002E5A2B /* PBXContainerItemProxy */ = {
			isa = PBXContainerItemProxy;
			containerPortal = 3D1CF25C2AD75E63002E5A2B /* Project object */;
			proxyType = 1;
			remoteGlobalIDString = 3D1CF2632AD75E63002E5A2B;
			remoteInfo = iOSTakeHome;
		};
		3D1CF27F2AD75E64002E5A2B /* PBXContainerItemProxy */ = {
			isa = PBXContainerItemProxy;
			containerPortal = 3D1CF25C2AD75E63002E5A2B /* Project object */;
			proxyType = 1;
			remoteGlobalIDString = 3D1CF2632AD75E63002E5A2B;
			remoteInfo = iOSTakeHome;
		};
/* End PBXContainerItemProxy section */

/* Begin PBXFileReference section */
		3D1CF2642AD75E63002E5A2B /* iOSTakeHome.app */ = {isa = PBXFileReference; explicitFileType = wrapper.application; includeInIndex = 0; path = iOSTakeHome.app; sourceTree = BUILT_PRODUCTS_DIR; };
		3D1CF2672AD75E63002E5A2B /* iOSTakeHomeApp.swift */ = {isa = PBXFileReference; lastKnownFileType = sourcecode.swift; path = iOSTakeHomeApp.swift; sourceTree = "<group>"; };
		3D1CF2692AD75E63002E5A2B /* ContentView.swift */ = {isa = PBXFileReference; lastKnownFileType = sourcecode.swift; path = ContentView.swift; sourceTree = "<group>"; };
		3D1CF26B2AD75E64002E5A2B /* Assets.xcassets */ = {isa = PBXFileReference; lastKnownFileType = folder.assetcatalog; path = Assets.xcassets; sourceTree = "<group>"; };
		3D1CF26E2AD75E64002E5A2B /* Preview Assets.xcassets */ = {isa = PBXFileReference; lastKnownFileType = folder.assetcatalog; path = "Preview Assets.xcassets"; sourceTree = "<group>"; };
		3D1CF2742AD75E64002E5A2B /* iOSTakeHomeTests.xctest */ = {isa = PBXFileReference; explicitFileType = wrapper.cfbundle; includeInIndex = 0; path = iOSTakeHomeTests.xctest; sourceTree = BUILT_PRODUCTS_DIR; };
		3D1CF2782AD75E64002E5A2B /* iOSTakeHomeTests.swift */ = {isa = PBXFileReference; lastKnownFileType = sourcecode.swift; path = iOSTakeHomeTests.swift; sourceTree = "<group>"; };
		3D1CF27E2AD75E64002E5A2B /* iOSTakeHomeUITests.xctest */ = {isa = PBXFileReference; explicitFileType = wrapper.cfbundle; includeInIndex = 0; path = iOSTakeHomeUITests.xctest; sourceTree = BUILT_PRODUCTS_DIR; };
		3D1CF2822AD75E64002E5A2B /* iOSTakeHomeUITests.swift */ = {isa = PBXFileReference; lastKnownFileType = sourcecode.swift; path = iOSTakeHomeUITests.swift; sourceTree = "<group>"; };
		3D1CF2842AD75E64002E5A2B /* iOSTakeHomeUITestsLaunchTests.swift */ = {isa = PBXFileReference; lastKnownFileType = sourcecode.swift; path = iOSTakeHomeUITestsLaunchTests.swift; sourceTree = "<group>"; };
/* End PBXFileReference section */

/* Begin PBXFrameworksBuildPhase section */
		3D1CF2612AD75E63002E5A2B /* Frameworks */ = {
			isa = PBXFrameworksBuildPhase;
			buildActionMask = 2147483647;
			files = (
			);
			runOnlyForDeploymentPostprocessing = 0;
		};
		3D1CF2712AD75E64002E5A2B /* Frameworks */ = {
			isa = PBXFrameworksBuildPhase;
			buildActionMask = 2147483647;
			files = (
			);
			runOnlyForDeploymentPostprocessing = 0;
		};
		3D1CF27B2AD75E64002E5A2B /* Frameworks */ = {
			isa = PBXFrameworksBuildPhase;
			buildActionMask = 2147483647;
			files = (
			);
			runOnlyForDeploymentPostprocessing = 0;
		};
/* End PBXFrameworksBuildPhase section */

/* Begin PBXGroup section */
		3D1CF25B2AD75E63002E5A2B = {
			isa = PBXGroup;
			children = (
				3D1CF2662AD75E63002E5A2B /* iOSTakeHome */,
				3D1CF2772AD75E64002E5A2B /* iOSTakeHomeTests */,
				3D1CF2812AD75E64002E5A2B /* iOSTakeHomeUITests */,
				3D1CF2652AD75E63002E5A2B /* Products */,
			);
			sourceTree = "<group>";
		};
		3D1CF2652AD75E63002E5A2B /* Products */ = {
			isa = PBXGroup;
			children = (
				3D1CF2642AD75E63002E5A2B /* iOSTakeHome.app */,
				3D1CF2742AD75E64002E5A2B /* iOSTakeHomeTests.xctest */,
				3D1CF27E2AD75E64002E5A2B /* iOSTakeHomeUITests.xctest */,
			);
			name = Products;
			sourceTree = "<group>";
		};
		3D1CF2662AD75E63002E5A2B /* iOSTakeHome */ = {
			isa = PBXGroup;
			children = (
				3D1CF2672AD75E63002E5A2B /* iOSTakeHomeApp.swift */,
				3D1CF2692AD75E63002E5A2B /* ContentView.swift */,
				3D1CF26B2AD75E64002E5A2B /* Assets.xcassets */,
				3D1CF26D2AD75E64002E5A2B /* Preview Content */,
			);
			path = iOSTakeHome;
			sourceTree = "<group>";
		};
		3D1CF26D2AD75E64002E5A2B /* Preview Content */ = {
			isa = PBXGroup;
			children = (
				3D1CF26E2AD75E64002E5A2B /* Preview Assets.xcassets */,
			);
			path = "Preview Content";
			sourceTree = "<group>";
		};
		3D1CF2772AD75E64002E5A2B /* iOSTakeHomeTests */ = {
			isa = PBXGroup;
			children = (
				3D1CF2782AD75E64002E5A2B /* iOSTakeHomeTests.swift */,
			);
			path = iOSTakeHomeTests;
			sourceTree = "<group>";
		};
		3D1CF2812AD75E64002E5A2B /* iOSTakeHomeUITests */ = {
			isa = PBXGroup;
			children = (
				3D1CF2822AD75E64002E5A2B /* iOSTakeHomeUITests.swift */,
				3D1CF2842AD75E64002E5A2B /* iOSTakeHomeUITestsLaunchTests.swift */,
			);
			path = iOSTakeHomeUITests;
			sourceTree = "<group>";
		};
/* End PBXGroup section */

/* Begin PBXNativeTarget section */
		3D1CF2632AD75E63002E5A2B /* iOSTakeHome */ = {
			isa = PBXNativeTarget;
			buildConfigurationList = 3D1CF2882AD75E64002E5A2B /* Build configuration list for PBXNativeTarget "iOSTakeHome" */;
			buildPhases = (
				3D1CF2602AD75E63002E5A2B /* Sources */,
				3D1CF2612AD75E63002E5A2B /* Frameworks */,
				3D1CF2622AD75E63002E5A2B /* Resources */,
			);
			buildRules = (
			);
			dependencies = (
			);
			name = iOSTakeHome;
			productName = iOSTakeHome;
			productReference = 3D1CF2642AD75E63002E5A2B /* iOSTakeHome.app */;
			productType = "com.apple.product-type.application";
		};
		3D1CF2732AD75E64002E5A2B /* iOSTakeHomeTests */ = {
			isa = PBXNativeTarget;
			buildConfigurationList = 3D1CF28B2AD75E64002E5A2B /* Build configuration list for PBXNativeTarget "iOSTakeHomeTests" */;
			buildPhases = (
				3D1CF2702AD75E64002E5A2B /* Sources */,
				3D1CF2712AD75E64002E5A2B /* Frameworks */,
				3D1CF2722AD75E64002E5A2B /* Resources */,
			);
			buildRules = (
			);
			dependencies = (
				3D1CF2762AD75E64002E5A2B /* PBXTargetDependency */,
			);
			name = iOSTakeHomeTests;
			productName = iOSTakeHomeTests;
			productReference = 3D1CF2742AD75E64002E5A2B /* iOSTakeHomeTests.xctest */;
			productType = "com.apple.product-type.bundle.unit-test";
		};
		3D1CF27D2AD75E64002E5A2B /* iOSTakeHomeUITests */ = {
			isa = PBXNativeTarget;
			buildConfigurationList = 3D1CF28E2AD75E64002E5A2B /* Build configuration list for PBXNativeTarget "iOSTakeHomeUITests" */;
			buildPhases = (
				3D1CF27A2AD75E64002E5A2B /* Sources */,
				3D1CF27B2AD75E64002E5A2B /* Frameworks */,
				3D1CF27C2AD75E64002E5A2B /* Resources */,
			);
			buildRules = (
			);
			dependencies = (
				3D1CF2802AD75E64002E5A2B /* PBXTargetDependency */,
			);
			name = iOSTakeHomeUITests;
			productName = iOSTakeHomeUITests;
			productReference = 3D1CF27E2AD75E64002E5A2B /* iOSTakeHomeUITests.xctest */;
			productType = "com.apple.product-type.bundle.ui-testing";
		};
/* End PBXNativeTarget section */

/* Begin PBXProject section */
		3D1CF25C2AD75E63002E5A2B /* Project object */ = {
			isa = PBXProject;
			attributes = {
				BuildIndependentTargetsInParallel = 1;
				LastSwiftUpdateCheck = 1500;
				LastUpgradeCheck = 1500;
				TargetAttributes = {
					3D1CF2632AD75E63002E5A2B = {
						CreatedOnToolsVersion = 15.0;
					};
					3D1CF2732AD75E64002E5A2B = {
						CreatedOnToolsVersion = 15.0;
						TestTargetID = 3D1CF2632AD75E63002E5A2B;
					};
					3D1CF27D2AD75E64002E5A2B = {
						CreatedOnToolsVersion = 15.0;
						TestTargetID = 3D1CF2632AD75E63002E5A2B;
					};
				};
			};
			buildConfigurationList = 3D1CF25F2AD75E63002E5A2B /* Build configuration list for PBXProject "iOSTakeHome" */;
			compatibilityVersion = "Xcode 14.0";
			developmentRegion = en;
			hasScannedForEncodings = 0;
			knownRegions = (
				en,
				Base,
			);
			mainGroup = 3D1CF25B2AD75E63002E5A2B;
			productRefGroup = 3D1CF2652AD75E63002E5A2B /* Products */;
			projectDirPath = "";
			projectRoot = "";
			targets = (
				3D1CF2632AD75E63002E5A2B /* iOSTakeHome */,
				3D1CF2732AD75E64002E5A2B /* iOSTakeHomeTests */,
				3D1CF27D2AD75E64002E5A2B /* iOSTakeHomeUITests */,
			);
		};
/* End PBXProject section */

/* Begin PBXResourcesBuildPhase section */
		3D1CF2622AD75E63002E5A2B /* Resources */ = {
			isa = PBXResourcesBuildPhase;
			buildActionMask = 2147483647;
			files = (
				3D1CF26F2AD75E64002E5A2B /* Preview Assets.xcassets in Resources */,
				3D1CF26C2AD75E64002E5A2B /* Assets.xcassets in Resources */,
			);
			runOnlyForDeploymentPostprocessing = 0;
		};
		3D1CF2722AD75E64002E5A2B /* Resources */ = {
			isa = PBXResourcesBuildPhase;
			buildActionMask = 2147483647;
			files = (
			);
			runOnlyForDeploymentPostprocessing = 0;
		};
		3D1CF27C2AD75E64002E5A2B /* Resources */ = {
			isa = PBXResourcesBuildPhase;
			buildActionMask = 2147483647;
			files = (
			);
			runOnlyForDeploymentPostprocessing = 0;
		};
/* End PBXResourcesBuildPhase section */

/* Begin PBXSourcesBuildPhase section */
		3D1CF2602AD75E63002E5A2B /* Sources */ = {
			isa = PBXSourcesBuildPhase;
			buildActionMask = 2147483647;
			files = (
				3D1CF26A2AD75E63002E5A2B /* ContentView.swift in Sources */,
				3D1CF2682AD75E63002E5A2B /* iOSTakeHomeApp.swift in Sources */,
			);
			runOnlyForDeploymentPostprocessing = 0;
		};
		3D1CF2702AD75E64002E5A2B /* Sources */ = {
			isa = PBXSourcesBuildPhase;
			buildActionMask = 2147483647;
			files = (
				3D1CF2792AD75E64002E5A2B /* iOSTakeHomeTests.swift in Sources */,
			);
			runOnlyForDeploymentPostprocessing = 0;
		};
		3D1CF27A2AD75E64002E5A2B /* Sources */ = {
			isa = PBXSourcesBuildPhase;
			buildActionMask = 2147483647;
			files = (
				3D1CF2852AD75E64002E5A2B /* iOSTakeHomeUITestsLaunchTests.swift in Sources */,
				3D1CF2832AD75E64002E5A2B /* iOSTakeHomeUITests.swift in Sources */,
			);
			runOnlyForDeploymentPostprocessing = 0;
		};
/* End PBXSourcesBuildPhase section */

/* Begin PBXTargetDependency section */
		3D1CF2762AD75E64002E5A2B /* PBXTargetDependency */ = {
			isa = PBXTargetDependency;
			target = 3D1CF2632AD75E63002E5A2B /* iOSTakeHome */;
			targetProxy = 3D1CF2752AD75E64002E5A2B /* PBXContainerItemProxy */;
		};
		3D1CF2802AD75E64002E5A2B /* PBXTargetDependency */ = {
			isa = PBXTargetDependency;
			target = 3D1CF2632AD75E63002E5A2B /* iOSTakeHome */;
			targetProxy = 3D1CF27F2AD75E64002E5A2B /* PBXContainerItemProxy */;
		};
/* End PBXTargetDependency section */

/* Begin XCBuildConfiguration section */
		3D1CF2862AD75E64002E5A2B /* Debug */ = {
			isa = XCBuildConfiguration;
			buildSettings = {
				ALWAYS_SEARCH_USER_PATHS = NO;
				ASSETCATALOG_COMPILER_GENERATE_SWIFT_ASSET_SYMBOL_EXTENSIONS = YES;
				CLANG_ANALYZER_NONNULL = YES;
				CLANG_ANALYZER_NUMBER_OBJECT_CONVERSION = YES_AGGRESSIVE;
				CLANG_CXX_LANGUAGE_STANDARD = "gnu++20";
				CLANG_ENABLE_MODULES = YES;
				CLANG_ENABLE_OBJC_ARC = YES;
				CLANG_ENABLE_OBJC_WEAK = YES;
				CLANG_WARN_BLOCK_CAPTURE_AUTORELEASING = YES;
				CLANG_WARN_BOOL_CONVERSION = YES;
				CLANG_WARN_COMMA = YES;
				CLANG_WARN_CONSTANT_CONVERSION = YES;
				CLANG_WARN_DEPRECATED_OBJC_IMPLEMENTATIONS = YES;
				CLANG_WARN_DIRECT_OBJC_ISA_USAGE = YES_ERROR;
				CLANG_WARN_DOCUMENTATION_COMMENTS = YES;
				CLANG_WARN_EMPTY_BODY = YES;
				CLANG_WARN_ENUM_CONVERSION = YES;
				CLANG_WARN_INFINITE_RECURSION = YES;
				CLANG_WARN_INT_CONVERSION = YES;
				CLANG_WARN_NON_LITERAL_NULL_CONVERSION = YES;
				CLANG_WARN_OBJC_IMPLICIT_RETAIN_SELF = YES;
				CLANG_WARN_OBJC_LITERAL_CONVERSION = YES;
				CLANG_WARN_OBJC_ROOT_CLASS = YES_ERROR;
				CLANG_WARN_QUOTED_INCLUDE_IN_FRAMEWORK_HEADER = YES;
				CLANG_WARN_RANGE_LOOP_ANALYSIS = YES;
				CLANG_WARN_STRICT_PROTOTYPES = YES;
				CLANG_WARN_SUSPICIOUS_MOVE = YES;
				CLANG_WARN_UNGUARDED_AVAILABILITY = YES_AGGRESSIVE;
				CLANG_WARN_UNREACHABLE_CODE = YES;
				CLANG_WARN__DUPLICATE_METHOD_MATCH = YES;
				COPY_PHASE_STRIP = NO;
				DEBUG_INFORMATION_FORMAT = dwarf;
				ENABLE_STRICT_OBJC_MSGSEND = YES;
				ENABLE_TESTABILITY = YES;
				ENABLE_USER_SCRIPT_SANDBOXING = YES;
				GCC_C_LANGUAGE_STANDARD = gnu17;
				GCC_DYNAMIC_NO_PIC = NO;
				GCC_NO_COMMON_BLOCKS = YES;
				GCC_OPTIMIZATION_LEVEL = 0;
				GCC_PREPROCESSOR_DEFINITIONS = (
					"DEBUG=1",
					"$(inherited)",
				);
				GCC_WARN_64_TO_32_BIT_CONVERSION = YES;
				GCC_WARN_ABOUT_RETURN_TYPE = YES_ERROR;
				GCC_WARN_UNDECLARED_SELECTOR = YES;
				GCC_WARN_UNINITIALIZED_AUTOS = YES_AGGRESSIVE;
				GCC_WARN_UNUSED_FUNCTION = YES;
				GCC_WARN_UNUSED_VARIABLE = YES;
				IPHONEOS_DEPLOYMENT_TARGET = 17.0;
				LOCALIZATION_PREFERS_STRING_CATALOGS = YES;
				MTL_ENABLE_DEBUG_INFO = INCLUDE_SOURCE;
				MTL_FAST_MATH = YES;
				ONLY_ACTIVE_ARCH = YES;
				SDKROOT = iphoneos;
				SWIFT_ACTIVE_COMPILATION_CONDITIONS = "DEBUG $(inherited)";
				SWIFT_OPTIMIZATION_LEVEL = "-Onone";
			};
			name = Debug;
		};
		3D1CF2872AD75E64002E5A2B /* Release */ = {
			isa = XCBuildConfiguration;
			buildSettings = {
				ALWAYS_SEARCH_USER_PATHS = NO;
				ASSETCATALOG_COMPILER_GENERATE_SWIFT_ASSET_SYMBOL_EXTENSIONS = YES;
				CLANG_ANALYZER_NONNULL = YES;
				CLANG_ANALYZER_NUMBER_OBJECT_CONVERSION = YES_AGGRESSIVE;
				CLANG_CXX_LANGUAGE_STANDARD = "gnu++20";
				CLANG_ENABLE_MODULES = YES;
				CLANG_ENABLE_OBJC_ARC = YES;
				CLANG_ENABLE_OBJC_WEAK = YES;
				CLANG_WARN_BLOCK_CAPTURE_AUTORELEASING = YES;
				CLANG_WARN_BOOL_CONVERSION = YES;
				CLANG_WARN_COMMA = YES;
				CLANG_WARN_CONSTANT_CONVERSION = YES;
				CLANG_WARN_DEPRECATED_OBJC_IMPLEMENTATIONS = YES;
				CLANG_WARN_DIRECT_OBJC_ISA_USAGE = YES_ERROR;
				CLANG_WARN_DOCUMENTATION_COMMENTS = YES;
				CLANG_WARN_EMPTY_BODY = YES;
				CLANG_WARN_ENUM_CONVERSION = YES;
				CLANG_WARN_INFINITE_RECURSION = YES;
				CLANG_WARN_INT_CONVERSION = YES;
				CLANG_WARN_NON_LITERAL_NULL_CONVERSION = YES;
				CLANG_WARN_OBJC_IMPLICIT_RETAIN_SELF = YES;
				CLANG_WARN_OBJC_LITERAL_CONVERSION = YES;
				CLANG_WARN_OBJC_ROOT_CLASS = YES_ERROR;
				CLANG_WARN_QUOTED_INCLUDE_IN_FRAMEWORK_HEADER = YES;
				CLANG_WARN_RANGE_LOOP_ANALYSIS = YES;
				CLANG_WARN_STRICT_PROTOTYPES = YES;
				CLANG_WARN_SUSPICIOUS_MOVE = YES;
				CLANG_WARN_UNGUARDED_AVAILABILITY = YES_AGGRESSIVE;
				CLANG_WARN_UNREACHABLE_CODE = YES;
				CLANG_WARN__DUPLICATE_METHOD_MATCH = YES;
				COPY_PHASE_STRIP = NO;
				DEBUG_INFORMATION_FORMAT = "dwarf-with-dsym";
				ENABLE_NS_ASSERTIONS = NO;
				ENABLE_STRICT_OBJC_MSGSEND = YES;
				ENABLE_USER_SCRIPT_SANDBOXING = YES;
				GCC_C_LANGUAGE_STANDARD = gnu17;
				GCC_NO_COMMON_BLOCKS = YES;
				GCC_WARN_64_TO_32_BIT_CONVERSION = YES;
				GCC_WARN_ABOUT_RETURN_TYPE = YES_ERROR;
				GCC_WARN_UNDECLARED_SELECTOR = YES;
				GCC_WARN_UNINITIALIZED_AUTOS = YES_AGGRESSIVE;
				GCC_WARN_UNUSED_FUNCTION = YES;
				GCC_WARN_UNUSED_VARIABLE = YES;
				IPHONEOS_DEPLOYMENT_TARGET = 17.0;
				LOCALIZATION_PREFERS_STRING_CATALOGS = YES;
				MTL_ENABLE_DEBUG_INFO = NO;
				MTL_FAST_MATH = YES;
				SDKROOT = iphoneos;
				SWIFT_COMPILATION_MODE = wholemodule;
				VALIDATE_PRODUCT = YES;
			};
			name = Release;
		};
		3D1CF2892AD75E64002E5A2B /* Debug */ = {
			isa = XCBuildConfiguration;
			buildSettings = {
				ASSETCATALOG_COMPILER_APPICON_NAME = AppIcon;
				ASSETCATALOG_COMPILER_GLOBAL_ACCENT_COLOR_NAME = AccentColor;
				CODE_SIGN_STYLE = Automatic;
				CURRENT_PROJECT_VERSION = 1;
				DEVELOPMENT_ASSET_PATHS = "\"iOSTakeHome/Preview Content\"";
				ENABLE_PREVIEWS = YES;
				GENERATE_INFOPLIST_FILE = YES;
				INFOPLIST_KEY_UIApplicationSceneManifest_Generation = YES;
				INFOPLIST_KEY_UIApplicationSupportsIndirectInputEvents = YES;
				INFOPLIST_KEY_UILaunchScreen_Generation = YES;
				INFOPLIST_KEY_UISupportedInterfaceOrientations = UIInterfaceOrientationPortrait;
				INFOPLIST_KEY_UISupportedInterfaceOrientations_iPad = "UIInterfaceOrientationLandscapeLeft UIInterfaceOrientationLandscapeRight UIInterfaceOrientationPortrait UIInterfaceOrientationPortraitUpsideDown";
				LD_RUNPATH_SEARCH_PATHS = (
					"$(inherited)",
					"@executable_path/Frameworks",
				);
				MARKETING_VERSION = 1.0;
				PRODUCT_BUNDLE_IDENTIFIER = com.roberto.iOSTakeHome;
				PRODUCT_NAME = "$(TARGET_NAME)";
				SWIFT_EMIT_LOC_STRINGS = YES;
				SWIFT_VERSION = 5.0;
				TARGETED_DEVICE_FAMILY = "1,2";
			};
			name = Debug;
		};
		3D1CF28A2AD75E64002E5A2B /* Release */ = {
			isa = XCBuildConfiguration;
			buildSettings = {
				ASSETCATALOG_COMPILER_APPICON_NAME = AppIcon;
				ASSETCATALOG_COMPILER_GLOBAL_ACCENT_COLOR_NAME = AccentColor;
				CODE_SIGN_STYLE = Automatic;
				CURRENT_PROJECT_VERSION = 1;
				DEVELOPMENT_ASSET_PATHS = "\"iOSTakeHome/Preview Content\"";
				ENABLE_PREVIEWS = YES;
				GENERATE_INFOPLIST_FILE = YES;
				INFOPLIST_KEY_UIApplicationSceneManifest_Generation = YES;
				INFOPLIST_KEY_UIApplicationSupportsIndirectInputEvents = YES;
				INFOPLIST_KEY_UILaunchScreen_Generation = YES;
				INFOPLIST_KEY_UISupportedInterfaceOrientations = UIInterfaceOrientationPortrait;
				INFOPLIST_KEY_UISupportedInterfaceOrientations_iPad = "UIInterfaceOrientationLandscapeLeft UIInterfaceOrientationLandscapeRight UIInterfaceOrientationPortrait UIInterfaceOrientationPortraitUpsideDown";
				LD_RUNPATH_SEARCH_PATHS = (
					"$(inherited)",
					"@executable_path/Frameworks",
				);
				MARKETING_VERSION = 1.0;
				PRODUCT_BUNDLE_IDENTIFIER = com.roberto.iOSTakeHome;
				PRODUCT_NAME = "$(TARGET_NAME)";
				SWIFT_EMIT_LOC_STRINGS = YES;
				SWIFT_VERSION = 5.0;
				TARGETED_DEVICE_FAMILY = "1,2";
			};
			name = Release;
		};
		3D1CF28C2AD75E64002E5A2B /* Debug */ = {
			isa = XCBuildConfiguration;
			buildSettings = {
				ALWAYS_EMBED_SWIFT_STANDARD_LIBRARIES = YES;
				BUNDLE_LOADER = "$(TEST_HOST)";
				CODE_SIGN_STYLE = Automatic;
				CURRENT_PROJECT_VERSION = 1;
				GENERATE_INFOPLIST_FILE = YES;
				IPHONEOS_DEPLOYMENT_TARGET = 17.0;
				MARKETING_VERSION = 1.0;
				PRODUCT_BUNDLE_IDENTIFIER = com.roberto.iOSTakeHomeTests;
				PRODUCT_NAME = "$(TARGET_NAME)";
				SWIFT_EMIT_LOC_STRINGS = NO;
				SWIFT_VERSION = 5.0;
				TARGETED_DEVICE_FAMILY = "1,2";
				TEST_HOST = "$(BUILT_PRODUCTS_DIR)/iOSTakeHome.app/$(BUNDLE_EXECUTABLE_FOLDER_PATH)/iOSTakeHome";
			};
			name = Debug;
		};
		3D1CF28D2AD75E64002E5A2B /* Release */ = {
			isa = XCBuildConfiguration;
			buildSettings = {
				ALWAYS_EMBED_SWIFT_STANDARD_LIBRARIES = YES;
				BUNDLE_LOADER = "$(TEST_HOST)";
				CODE_SIGN_STYLE = Automatic;
				CURRENT_PROJECT_VERSION = 1;
				GENERATE_INFOPLIST_FILE = YES;
				IPHONEOS_DEPLOYMENT_TARGET = 17.0;
				MARKETING_VERSION = 1.0;
				PRODUCT_BUNDLE_IDENTIFIER = com.roberto.iOSTakeHomeTests;
				PRODUCT_NAME = "$(TARGET_NAME)";
				SWIFT_EMIT_LOC_STRINGS = NO;
				SWIFT_VERSION = 5.0;
				TARGETED_DEVICE_FAMILY = "1,2";
				TEST_HOST = "$(BUILT_PRODUCTS_DIR)/iOSTakeHome.app/$(BUNDLE_EXECUTABLE_FOLDER_PATH)/iOSTakeHome";
			};
			name = Release;
		};
		3D1CF28F2AD75E64002E5A2B /* Debug */ = {
			isa = XCBuildConfiguration;
			buildSettings = {
				ALWAYS_EMBED_SWIFT_STANDARD_LIBRARIES = YES;
				CODE_SIGN_STYLE = Automatic;
				CURRENT_PROJECT_VERSION = 1;
				GENERATE_INFOPLIST_FILE = YES;
				MARKETING_VERSION = 1.0;
				PRODUCT_BUNDLE_IDENTIFIER = com.roberto.iOSTakeHomeUITests;
				PRODUCT_NAME = "$(TARGET_NAME)";
				SWIFT_EMIT_LOC_STRINGS = NO;
				SWIFT_VERSION = 5.0;
				TARGETED_DEVICE_FAMILY = "1,2";
				TEST_TARGET_NAME = iOSTakeHome;
			};
			name = Debug;
		};
		3D1CF2902AD75E64002E5A2B /* Release */ = {
			isa = XCBuildConfiguration;
			buildSettings = {
				ALWAYS_EMBED_SWIFT_STANDARD_LIBRARIES = YES;
				CODE_SIGN_STYLE = Automatic;
				CURRENT_PROJECT_VERSION = 1;
				GENERATE_INFOPLIST_FILE = YES;
				MARKETING_VERSION = 1.0;
				PRODUCT_BUNDLE_IDENTIFIER = com.roberto.iOSTakeHomeUITests;
				PRODUCT_NAME = "$(TARGET_NAME)";
				SWIFT_EMIT_LOC_STRINGS = NO;
				SWIFT_VERSION = 5.0;
				TARGETED_DEVICE_FAMILY = "1,2";
				TEST_TARGET_NAME = iOSTakeHome;
			};
			name = Release;
		};
/* End XCBuildConfiguration section */

/* Begin XCConfigurationList section */
		3D1CF25F2AD75E63002E5A2B /* Build configuration list for PBXProject "iOSTakeHome" */ = {
			isa = XCConfigurationList;
			buildConfigurations = (
				3D1CF2862AD75E64002E5A2B /* Debug */,
				3D1CF2872AD75E64002E5A2B /* Release */,
			);
			defaultConfigurationIsVisible = 0;
			defaultConfigurationName = Release;
		};
		3D1CF2882AD75E64002E5A2B /* Build configuration list for PBXNativeTarget "iOSTakeHome" */ = {
			isa = XCConfigurationList;
			buildConfigurations = (
				3D1CF2892AD75E64002E5A2B /* Debug */,
				3D1CF28A2AD75E64002E5A2B /* Release */,
			);
			defaultConfigurationIsVisible = 0;
			defaultConfigurationName = Release;
		};
		3D1CF28B2AD75E64002E5A2B /* Build configuration list for PBXNativeTarget "iOSTakeHomeTests" */ = {
			isa = XCConfigurationList;
			buildConfigurations = (
				3D1CF28C2AD75E64002E5A2B /* Debug */,
				3D1CF28D2AD75E64002E5A2B /* Release */,
			);
			defaultConfigurationIsVisible = 0;
			defaultConfigurationName = Release;
		};
		3D1CF28E2AD75E64002E5A2B /* Build configuration list for PBXNativeTarget "iOSTakeHomeUITests" */ = {
			isa = XCConfigurationList;
			buildConfigurations = (
				3D1CF28F2AD75E64002E5A2B /* Debug */,
				3D1CF2902AD75E64002E5A2B /* Release */,
			);
			defaultConfigurationIsVisible = 0;
			defaultConfigurationName = Release;
		};
/* End XCConfigurationList section */
	};
	rootObject = 3D1CF25C2AD75E63002E5A2B /* Project object */;
}
